// !$*UTF8*$!
{
	archiveVersion = 1;
	classes = {
	};
	objectVersion = 48;
	objects = {

/* Begin PBXBuildFile section */
		CEEA62D61F9520EF00D61BF0 /* AppDelegate.swift in Sources */ = {isa = PBXBuildFile; fileRef = CEEA62D51F9520EF00D61BF0 /* AppDelegate.swift */; };
		CEEA62D81F9520EF00D61BF0 /* ViewController.swift in Sources */ = {isa = PBXBuildFile; fileRef = CEEA62D71F9520EF00D61BF0 /* ViewController.swift */; };
		CEEA62DB1F9520EF00D61BF0 /* Main.storyboard in Resources */ = {isa = PBXBuildFile; fileRef = CEEA62D91F9520EF00D61BF0 /* Main.storyboard */; };
		CEEA62DD1F9520EF00D61BF0 /* Assets.xcassets in Resources */ = {isa = PBXBuildFile; fileRef = CEEA62DC1F9520EF00D61BF0 /* Assets.xcassets */; };
		CEEA62E01F9520EF00D61BF0 /* LaunchScreen.storyboard in Resources */ = {isa = PBXBuildFile; fileRef = CEEA62DE1F9520EF00D61BF0 /* LaunchScreen.storyboard */; };
		CEEA62F01F952B0500D61BF0 /* note1.wav in Resources */ = {isa = PBXBuildFile; fileRef = CEEA62E91F95244900D61BF0 /* note1.wav */; };
		CEEA62F11F952B1F00D61BF0 /* note2.wav in Resources */ = {isa = PBXBuildFile; fileRef = CEEA62ED1F95244A00D61BF0 /* note2.wav */; };
		CEEA62F21F952B1F00D61BF0 /* note3.wav in Resources */ = {isa = PBXBuildFile; fileRef = CEEA62EC1F95244A00D61BF0 /* note3.wav */; };
		CEEA62F31F952B1F00D61BF0 /* note4.wav in Resources */ = {isa = PBXBuildFile; fileRef = CEEA62E81F95244900D61BF0 /* note4.wav */; };
		CEEA62F41F952B1F00D61BF0 /* note5.wav in Resources */ = {isa = PBXBuildFile; fileRef = CEEA62EA1F95244900D61BF0 /* note5.wav */; };
		CEEA62F51F952B1F00D61BF0 /* note6.wav in Resources */ = {isa = PBXBuildFile; fileRef = CEEA62EB1F95244900D61BF0 /* note6.wav */; };
		CEEA62F61F952B1F00D61BF0 /* note7.wav in Resources */ = {isa = PBXBuildFile; fileRef = CEEA62E71F95244900D61BF0 /* note7.wav */; };
/* End PBXBuildFile section */

/* Begin PBXFileReference section */
		CEEA62D21F9520EF00D61BF0 /* Piano.app */ = {isa = PBXFileReference; explicitFileType = wrapper.application; includeInIndex = 0; path = Piano.app; sourceTree = BUILT_PRODUCTS_DIR; };
		CEEA62D51F9520EF00D61BF0 /* AppDelegate.swift */ = {isa = PBXFileReference; lastKnownFileType = sourcecode.swift; path = AppDelegate.swift; sourceTree = "<group>"; };
		CEEA62D71F9520EF00D61BF0 /* ViewController.swift */ = {isa = PBXFileReference; lastKnownFileType = sourcecode.swift; path = ViewController.swift; sourceTree = "<group>"; };
		CEEA62DA1F9520EF00D61BF0 /* Base */ = {isa = PBXFileReference; lastKnownFileType = file.storyboard; name = Base; path = Base.lproj/Main.storyboard; sourceTree = "<group>"; };
		CEEA62DC1F9520EF00D61BF0 /* Assets.xcassets */ = {isa = PBXFileReference; lastKnownFileType = folder.assetcatalog; path = Assets.xcassets; sourceTree = "<group>"; };
		CEEA62DF1F9520EF00D61BF0 /* Base */ = {isa = PBXFileReference; lastKnownFileType = file.storyboard; name = Base; path = Base.lproj/LaunchScreen.storyboard; sourceTree = "<group>"; };
		CEEA62E11F9520EF00D61BF0 /* Info.plist */ = {isa = PBXFileReference; lastKnownFileType = text.plist.xml; path = Info.plist; sourceTree = "<group>"; };
		CEEA62E71F95244900D61BF0 /* note7.wav */ = {isa = PBXFileReference; lastKnownFileType = audio.wav; path = note7.wav; sourceTree = "<group>"; };
		CEEA62E81F95244900D61BF0 /* note4.wav */ = {isa = PBXFileReference; lastKnownFileType = audio.wav; path = note4.wav; sourceTree = "<group>"; };
		CEEA62E91F95244900D61BF0 /* note1.wav */ = {isa = PBXFileReference; lastKnownFileType = audio.wav; path = note1.wav; sourceTree = "<group>"; };
		CEEA62EA1F95244900D61BF0 /* note5.wav */ = {isa = PBXFileReference; lastKnownFileType = audio.wav; path = note5.wav; sourceTree = "<group>"; };
		CEEA62EB1F95244900D61BF0 /* note6.wav */ = {isa = PBXFileReference; lastKnownFileType = audio.wav; path = note6.wav; sourceTree = "<group>"; };
		CEEA62EC1F95244A00D61BF0 /* note3.wav */ = {isa = PBXFileReference; lastKnownFileType = audio.wav; path = note3.wav; sourceTree = "<group>"; };
		CEEA62ED1F95244A00D61BF0 /* note2.wav */ = {isa = PBXFileReference; lastKnownFileType = audio.wav; path = note2.wav; sourceTree = "<group>"; };
/* End PBXFileReference section */

/* Begin PBXFrameworksBuildPhase section */
		CEEA62CF1F9520EF00D61BF0 /* Frameworks */ = {
			isa = PBXFrameworksBuildPhase;
			buildActionMask = 2147483647;
			files = (
			);
			runOnlyForDeploymentPostprocessing = 0;
		};
/* End PBXFrameworksBuildPhase section */

/* Begin PBXGroup section */
		CEEA62C91F9520EF00D61BF0 = {
			isa = PBXGroup;
			children = (
				CEEA62D41F9520EF00D61BF0 /* Piano */,
				CEEA62D31F9520EF00D61BF0 /* Products */,
			);
			sourceTree = "<group>";
		};
		CEEA62D31F9520EF00D61BF0 /* Products */ = {
			isa = PBXGroup;
			children = (
				CEEA62D21F9520EF00D61BF0 /* Piano.app */,
			);
			name = Products;
			sourceTree = "<group>";
		};
		CEEA62D41F9520EF00D61BF0 /* Piano */ = {
			isa = PBXGroup;
			children = (
				CEEA62E91F95244900D61BF0 /* note1.wav */,
				CEEA62ED1F95244A00D61BF0 /* note2.wav */,
				CEEA62EC1F95244A00D61BF0 /* note3.wav */,
				CEEA62E81F95244900D61BF0 /* note4.wav */,
				CEEA62EA1F95244900D61BF0 /* note5.wav */,
				CEEA62EB1F95244900D61BF0 /* note6.wav */,
				CEEA62E71F95244900D61BF0 /* note7.wav */,
				CEEA62D51F9520EF00D61BF0 /* AppDelegate.swift */,
				CEEA62D71F9520EF00D61BF0 /* ViewController.swift */,
				CEEA62D91F9520EF00D61BF0 /* Main.storyboard */,
				CEEA62DC1F9520EF00D61BF0 /* Assets.xcassets */,
				CEEA62DE1F9520EF00D61BF0 /* LaunchScreen.storyboard */,
				CEEA62E11F9520EF00D61BF0 /* Info.plist */,
			);
			path = Piano;
			sourceTree = "<group>";
		};
/* End PBXGroup section */

/* Begin PBXNativeTarget section */
		CEEA62D11F9520EF00D61BF0 /* Piano */ = {
			isa = PBXNativeTarget;
			buildConfigurationList = CEEA62E41F9520EF00D61BF0 /* Build configuration list for PBXNativeTarget "Piano" */;
			buildPhases = (
				CEEA62CE1F9520EF00D61BF0 /* Sources */,
				CEEA62CF1F9520EF00D61BF0 /* Frameworks */,
				CEEA62D01F9520EF00D61BF0 /* Resources */,
			);
			buildRules = (
			);
			dependencies = (
			);
			name = Piano;
			productName = Piano;
			productReference = CEEA62D21F9520EF00D61BF0 /* Piano.app */;
			productType = "com.apple.product-type.application";
		};
/* End PBXNativeTarget section */

/* Begin PBXProject section */
		CEEA62CA1F9520EF00D61BF0 /* Project object */ = {
			isa = PBXProject;
			attributes = {
				LastSwiftUpdateCheck = 0900;
				LastUpgradeCheck = 0900;
				ORGANIZATIONNAME = Mergim;
				TargetAttributes = {
					CEEA62D11F9520EF00D61BF0 = {
						CreatedOnToolsVersion = 9.0;
						ProvisioningStyle = Automatic;
					};
				};
			};
			buildConfigurationList = CEEA62CD1F9520EF00D61BF0 /* Build configuration list for PBXProject "Piano" */;
			compatibilityVersion = "Xcode 8.0";
			developmentRegion = en;
			hasScannedForEncodings = 0;
			knownRegions = (
				en,
				Base,
			);
			mainGroup = CEEA62C91F9520EF00D61BF0;
			productRefGroup = CEEA62D31F9520EF00D61BF0 /* Products */;
			projectDirPath = "";
			projectRoot = "";
			targets = (
				CEEA62D11F9520EF00D61BF0 /* Piano */,
			);
		};
/* End PBXProject section */

/* Begin PBXResourcesBuildPhase section */
		CEEA62D01F9520EF00D61BF0 /* Resources */ = {
			isa = PBXResourcesBuildPhase;
			buildActionMask = 2147483647;
			files = (
				CEEA62F51F952B1F00D61BF0 /* note6.wav in Resources */,
				CEEA62F41F952B1F00D61BF0 /* note5.wav in Resources */,
				CEEA62F21F952B1F00D61BF0 /* note3.wav in Resources */,
				CEEA62F01F952B0500D61BF0 /* note1.wav in Resources */,
				CEEA62F31F952B1F00D61BF0 /* note4.wav in Resources */,
				CEEA62F11F952B1F00D61BF0 /* note2.wav in Resources */,
				CEEA62F61F952B1F00D61BF0 /* note7.wav in Resources */,
				CEEA62E01F9520EF00D61BF0 /* LaunchScreen.storyboard in Resources */,
				CEEA62DD1F9520EF00D61BF0 /* Assets.xcassets in Resources */,
				CEEA62DB1F9520EF00D61BF0 /* Main.storyboard in Resources */,
			);
			runOnlyForDeploymentPostprocessing = 0;
		};
/* End PBXResourcesBuildPhase section */

/* Begin PBXSourcesBuildPhase section */
		CEEA62CE1F9520EF00D61BF0 /* Sources */ = {
			isa = PBXSourcesBuildPhase;
			buildActionMask = 2147483647;
			files = (
				CEEA62D81F9520EF00D61BF0 /* ViewController.swift in Sources */,
				CEEA62D61F9520EF00D61BF0 /* AppDelegate.swift in Sources */,
			);
			runOnlyForDeploymentPostprocessing = 0;
		};
/* End PBXSourcesBuildPhase section */

/* Begin PBXVariantGroup section */
		CEEA62D91F9520EF00D61BF0 /* Main.storyboard */ = {
			isa = PBXVariantGroup;
			children = (
				CEEA62DA1F9520EF00D61BF0 /* Base */,
			);
			name = Main.storyboard;
			sourceTree = "<group>";
		};
		CEEA62DE1F9520EF00D61BF0 /* LaunchScreen.storyboard */ = {
			isa = PBXVariantGroup;
			children = (
				CEEA62DF1F9520EF00D61BF0 /* Base */,
			);
			name = LaunchScreen.storyboard;
			sourceTree = "<group>";
		};
/* End PBXVariantGroup section */

/* Begin XCBuildConfiguration section */
		CEEA62E21F9520EF00D61BF0 /* Debug */ = {
			isa = XCBuildConfiguration;
			buildSettings = {
				ALWAYS_SEARCH_USER_PATHS = NO;
				CLANG_ANALYZER_NONNULL = YES;
				CLANG_ANALYZER_NUMBER_OBJECT_CONVERSION = YES_AGGRESSIVE;
				CLANG_CXX_LANGUAGE_STANDARD = "gnu++14";
				CLANG_CXX_LIBRARY = "libc++";
				CLANG_ENABLE_MODULES = YES;
				CLANG_ENABLE_OBJC_ARC = YES;
				CLANG_WARN_BLOCK_CAPTURE_AUTORELEASING = YES;
				CLANG_WARN_BOOL_CONVERSION = YES;
				CLANG_WARN_COMMA = YES;
				CLANG_WARN_CONSTANT_CONVERSION = YES;
				CLANG_WARN_DIRECT_OBJC_ISA_USAGE = YES_ERROR;
				CLANG_WARN_DOCUMENTATION_COMMENTS = YES;
				CLANG_WARN_EMPTY_BODY = YES;
				CLANG_WARN_ENUM_CONVERSION = YES;
				CLANG_WARN_INFINITE_RECURSION = YES;
				CLANG_WARN_INT_CONVERSION = YES;
				CLANG_WARN_NON_LITERAL_NULL_CONVERSION = YES;
				CLANG_WARN_OBJC_LITERAL_CONVERSION = YES;
				CLANG_WARN_OBJC_ROOT_CLASS = YES_ERROR;
				CLANG_WARN_RANGE_LOOP_ANALYSIS = YES;
				CLANG_WARN_STRICT_PROTOTYPES = YES;
				CLANG_WARN_SUSPICIOUS_MOVE = YES;
				CLANG_WARN_UNGUARDED_AVAILABILITY = YES_AGGRESSIVE;
				CLANG_WARN_UNREACHABLE_CODE = YES;
				CLANG_WARN__DUPLICATE_METHOD_MATCH = YES;
				CODE_SIGN_IDENTITY = "iPhone Developer";
				COPY_PHASE_STRIP = NO;
				DEBUG_INFORMATION_FORMAT = dwarf;
				ENABLE_STRICT_OBJC_MSGSEND = YES;
				ENABLE_TESTABILITY = YES;
				GCC_C_LANGUAGE_STANDARD = gnu11;
				GCC_DYNAMIC_NO_PIC = NO;
				GCC_NO_COMMON_BLOCKS = YES;
				GCC_OPTIMIZATION_LEVEL = 0;
				GCC_PREPROCESSOR_DEFINITIONS = (
					"DEBUG=1",
					"$(inherited)",
				);
				GCC_WARN_64_TO_32_BIT_CONVERSION = YES;
				GCC_WARN_ABOUT_RETURN_TYPE = YES_ERROR;
				GCC_WARN_UNDECLARED_SELECTOR = YES;
				GCC_WARN_UNINITIALIZED_AUTOS = YES_AGGRESSIVE;
				GCC_WARN_UNUSED_FUNCTION = YES;
				GCC_WARN_UNUSED_VARIABLE = YES;
				IPHONEOS_DEPLOYMENT_TARGET = 11.0;
				MTL_ENABLE_DEBUG_INFO = YES;
				ONLY_ACTIVE_ARCH = YES;
				SDKROOT = iphoneos;
				SWIFT_ACTIVE_COMPILATION_CONDITIONS = DEBUG;
				SWIFT_OPTIMIZATION_LEVEL = "-Onone";
			};
			name = Debug;
		};
		CEEA62E31F9520EF00D61BF0 /* Release */ = {
			isa = XCBuildConfiguration;
			buildSettings = {
				ALWAYS_SEARCH_USER_PATHS = NO;
				CLANG_ANALYZER_NONNULL = YES;
				CLANG_ANALYZER_NUMBER_OBJECT_CONVERSION = YES_AGGRESSIVE;
				CLANG_CXX_LANGUAGE_STANDARD = "gnu++14";
				CLANG_CXX_LIBRARY = "libc++";
				CLANG_ENABLE_MODULES = YES;
				CLANG_ENABLE_OBJC_ARC = YES;
				CLANG_WARN_BLOCK_CAPTURE_AUTORELEASING = YES;
				CLANG_WARN_BOOL_CONVERSION = YES;
				CLANG_WARN_COMMA = YES;
				CLANG_WARN_CONSTANT_CONVERSION = YES;
				CLANG_WARN_DIRECT_OBJC_ISA_USAGE = YES_ERROR;
				CLANG_WARN_DOCUMENTATION_COMMENTS = YES;
				CLANG_WARN_EMPTY_BODY = YES;
				CLANG_WARN_ENUM_CONVERSION = YES;
				CLANG_WARN_INFINITE_RECURSION = YES;
				CLANG_WARN_INT_CONVERSION = YES;
				CLANG_WARN_NON_LITERAL_NULL_CONVERSION = YES;
				CLANG_WARN_OBJC_LITERAL_CONVERSION = YES;
				CLANG_WARN_OBJC_ROOT_CLASS = YES_ERROR;
				CLANG_WARN_RANGE_LOOP_ANALYSIS = YES;
				CLANG_WARN_STRICT_PROTOTYPES = YES;
				CLANG_WARN_SUSPICIOUS_MOVE = YES;
				CLANG_WARN_UNGUARDED_AVAILABILITY = YES_AGGRESSIVE;
				CLANG_WARN_UNREACHABLE_CODE = YES;
				CLANG_WARN__DUPLICATE_METHOD_MATCH = YES;
				CODE_SIGN_IDENTITY = "iPhone Developer";
				COPY_PHASE_STRIP = NO;
				DEBUG_INFORMATION_FORMAT = "dwarf-with-dsym";
				ENABLE_NS_ASSERTIONS = NO;
				ENABLE_STRICT_OBJC_MSGSEND = YES;
				GCC_C_LANGUAGE_STANDARD = gnu11;
				GCC_NO_COMMON_BLOCKS = YES;
				GCC_WARN_64_TO_32_BIT_CONVERSION = YES;
				GCC_WARN_ABOUT_RETURN_TYPE = YES_ERROR;
				GCC_WARN_UNDECLARED_SELECTOR = YES;
				GCC_WARN_UNINITIALIZED_AUTOS = YES_AGGRESSIVE;
				GCC_WARN_UNUSED_FUNCTION = YES;
				GCC_WARN_UNUSED_VARIABLE = YES;
				IPHONEOS_DEPLOYMENT_TARGET = 11.0;
				MTL_ENABLE_DEBUG_INFO = NO;
				SDKROOT = iphoneos;
				SWIFT_OPTIMIZATION_LEVEL = "-Owholemodule";
				VALIDATE_PRODUCT = YES;
			};
			name = Release;
		};
		CEEA62E51F9520EF00D61BF0 /* Debug */ = {
			isa = XCBuildConfiguration;
			buildSettings = {
				ASSETCATALOG_COMPILER_APPICON_NAME = AppIcon;
				CODE_SIGN_STYLE = Automatic;
				DEVELOPMENT_TEAM = P77LNJFYD4;
				INFOPLIST_FILE = Piano/Info.plist;
				LD_RUNPATH_SEARCH_PATHS = "$(inherited) @executable_path/Frameworks";
				PRODUCT_BUNDLE_IDENTIFIER = com.mergim.Piano;
				PRODUCT_NAME = "$(TARGET_NAME)";
				SWIFT_VERSION = 4.0;
				TARGETED_DEVICE_FAMILY = "1,2";
			};
			name = Debug;
		};
		CEEA62E61F9520EF00D61BF0 /* Release */ = {
			isa = XCBuildConfiguration;
			buildSettings = {
				ASSETCATALOG_COMPILER_APPICON_NAME = AppIcon;
				CODE_SIGN_STYLE = Automatic;
				DEVELOPMENT_TEAM = P77LNJFYD4;
				INFOPLIST_FILE = Piano/Info.plist;
				LD_RUNPATH_SEARCH_PATHS = "$(inherited) @executable_path/Frameworks";
				PRODUCT_BUNDLE_IDENTIFIER = com.mergim.Piano;
				PRODUCT_NAME = "$(TARGET_NAME)";
				SWIFT_VERSION = 4.0;
				TARGETED_DEVICE_FAMILY = "1,2";
			};
			name = Release;
		};
/* End XCBuildConfiguration section */

/* Begin XCConfigurationList section */
		CEEA62CD1F9520EF00D61BF0 /* Build configuration list for PBXProject "Piano" */ = {
			isa = XCConfigurationList;
			buildConfigurations = (
				CEEA62E21F9520EF00D61BF0 /* Debug */,
				CEEA62E31F9520EF00D61BF0 /* Release */,
			);
			defaultConfigurationIsVisible = 0;
			defaultConfigurationName = Release;
		};
		CEEA62E41F9520EF00D61BF0 /* Build configuration list for PBXNativeTarget "Piano" */ = {
			isa = XCConfigurationList;
			buildConfigurations = (
				CEEA62E51F9520EF00D61BF0 /* Debug */,
				CEEA62E61F9520EF00D61BF0 /* Release */,
			);
			defaultConfigurationIsVisible = 0;
			defaultConfigurationName = Release;
		};
/* End XCConfigurationList section */
	};
	rootObject = CEEA62CA1F9520EF00D61BF0 /* Project object */;
}
